
Microsoft Visual Studio Solution File, Format Version 12.00
# Visual Studio 15
VisualStudioVersion = 15.0.27130.2036
MinimumVisualStudioVersion = 10.0.40219.1
Project("{FAE04EC0-301F-11D3-BF4B-00C04F79EFBC}") = "FlashCard.Android", "FlashCard\FlashCard.Android\FlashCard.Android.csproj", "{D5450E75-0B88-4EBE-8D5E-3BE053ACE357}"
EndProject
Project("{FAE04EC0-301F-11D3-BF4B-00C04F79EFBC}") = "FlashCard.iOS", "FlashCard\FlashCard.iOS\FlashCard.iOS.csproj", "{5BB3C39D-3871-4B3E-9B8B-6B170AFF1BE3}"
EndProject
Project("{FAE04EC0-301F-11D3-BF4B-00C04F79EFBC}") = "FlashCard.UWP", "FlashCard\FlashCard.UWP\FlashCard.UWP.csproj", "{6FEB1CF6-35F7-4137-BA69-71ECF8C2AC59}"
EndProject
Project("{FAE04EC0-301F-11D3-BF4B-00C04F79EFBC}") = "FlashCard", "FlashCard\FlashCard\FlashCard.csproj", "{769B7527-6A26-4C18-A8EF-ABF238F40CE5}"
EndProject
Global
	GlobalSection(SolutionConfigurationPlatforms) = preSolution
		Ad-Hoc|Any CPU = Ad-Hoc|Any CPU
		Ad-Hoc|ARM = Ad-Hoc|ARM
		Ad-Hoc|iPhone = Ad-Hoc|iPhone
		Ad-Hoc|iPhoneSimulator = Ad-Hoc|iPhoneSimulator
		Ad-Hoc|x64 = Ad-Hoc|x64
		Ad-Hoc|x86 = Ad-Hoc|x86
		AppStore|Any CPU = AppStore|Any CPU
		AppStore|ARM = AppStore|ARM
		AppStore|iPhone = AppStore|iPhone
		AppStore|iPhoneSimulator = AppStore|iPhoneSimulator
		AppStore|x64 = AppStore|x64
		AppStore|x86 = AppStore|x86
		Debug|Any CPU = Debug|Any CPU
		Debug|ARM = Debug|ARM
		Debug|iPhone = Debug|iPhone
		Debug|iPhoneSimulator = Debug|iPhoneSimulator
		Debug|x64 = Debug|x64
		Debug|x86 = Debug|x86
		Release|Any CPU = Release|Any CPU
		Release|ARM = Release|ARM
		Release|iPhone = Release|iPhone
		Release|iPhoneSimulator = Release|iPhoneSimulator
		Release|x64 = Release|x64
		Release|x86 = Release|x86
	EndGlobalSection
	GlobalSection(ProjectConfigurationPlatforms) = postSolution
		{D5450E75-0B88-4EBE-8D5E-3BE053ACE357}.Ad-Hoc|Any CPU.ActiveCfg = Release|Any CPU
		{D5450E75-0B88-4EBE-8D5E-3BE053ACE357}.Ad-Hoc|Any CPU.Build.0 = Release|Any CPU
		{D5450E75-0B88-4EBE-8D5E-3BE053ACE357}.Ad-Hoc|Any CPU.Deploy.0 = Release|Any CPU
		{D5450E75-0B88-4EBE-8D5E-3BE053ACE357}.Ad-Hoc|ARM.ActiveCfg = Release|Any CPU
		{D5450E75-0B88-4EBE-8D5E-3BE053ACE357}.Ad-Hoc|ARM.Build.0 = Release|Any CPU
		{D5450E75-0B88-4EBE-8D5E-3BE053ACE357}.Ad-Hoc|ARM.Deploy.0 = Release|Any CPU
		{D5450E75-0B88-4EBE-8D5E-3BE053ACE357}.Ad-Hoc|iPhone.ActiveCfg = Release|Any CPU
		{D5450E75-0B88-4EBE-8D5E-3BE053ACE357}.Ad-Hoc|iPhone.Build.0 = Release|Any CPU
		{D5450E75-0B88-4EBE-8D5E-3BE053ACE357}.Ad-Hoc|iPhone.Deploy.0 = Release|Any CPU
		{D5450E75-0B88-4EBE-8D5E-3BE053ACE357}.Ad-Hoc|iPhoneSimulator.ActiveCfg = Release|Any CPU
		{D5450E75-0B88-4EBE-8D5E-3BE053ACE357}.Ad-Hoc|iPhoneSimulator.Build.0 = Release|Any CPU
		{D5450E75-0B88-4EBE-8D5E-3BE053ACE357}.Ad-Hoc|iPhoneSimulator.Deploy.0 = Release|Any CPU
		{D5450E75-0B88-4EBE-8D5E-3BE053ACE357}.Ad-Hoc|x64.ActiveCfg = Release|Any CPU
		{D5450E75-0B88-4EBE-8D5E-3BE053ACE357}.Ad-Hoc|x64.Build.0 = Release|Any CPU
		{D5450E75-0B88-4EBE-8D5E-3BE053ACE357}.Ad-Hoc|x64.Deploy.0 = Release|Any CPU
		{D5450E75-0B88-4EBE-8D5E-3BE053ACE357}.Ad-Hoc|x86.ActiveCfg = Release|Any CPU
		{D5450E75-0B88-4EBE-8D5E-3BE053ACE357}.Ad-Hoc|x86.Build.0 = Release|Any CPU
		{D5450E75-0B88-4EBE-8D5E-3BE053ACE357}.Ad-Hoc|x86.Deploy.0 = Release|Any CPU
		{D5450E75-0B88-4EBE-8D5E-3BE053ACE357}.AppStore|Any CPU.ActiveCfg = Release|Any CPU
		{D5450E75-0B88-4EBE-8D5E-3BE053ACE357}.AppStore|Any CPU.Build.0 = Release|Any CPU
		{D5450E75-0B88-4EBE-8D5E-3BE053ACE357}.AppStore|Any CPU.Deploy.0 = Release|Any CPU
		{D5450E75-0B88-4EBE-8D5E-3BE053ACE357}.AppStore|ARM.ActiveCfg = Release|Any CPU
		{D5450E75-0B88-4EBE-8D5E-3BE053ACE357}.AppStore|ARM.Build.0 = Release|Any CPU
		{D5450E75-0B88-4EBE-8D5E-3BE053ACE357}.AppStore|ARM.Deploy.0 = Release|Any CPU
		{D5450E75-0B88-4EBE-8D5E-3BE053ACE357}.AppStore|iPhone.ActiveCfg = Release|Any CPU
		{D5450E75-0B88-4EBE-8D5E-3BE053ACE357}.AppStore|iPhone.Build.0 = Release|Any CPU
		{D5450E75-0B88-4EBE-8D5E-3BE053ACE357}.AppStore|iPhone.Deploy.0 = Release|Any CPU
		{D5450E75-0B88-4EBE-8D5E-3BE053ACE357}.AppStore|iPhoneSimulator.ActiveCfg = Release|Any CPU
		{D5450E75-0B88-4EBE-8D5E-3BE053ACE357}.AppStore|iPhoneSimulator.Build.0 = Release|Any CPU
		{D5450E75-0B88-4EBE-8D5E-3BE053ACE357}.AppStore|iPhoneSimulator.Deploy.0 = Release|Any CPU
		{D5450E75-0B88-4EBE-8D5E-3BE053ACE357}.AppStore|x64.ActiveCfg = Release|Any CPU
		{D5450E75-0B88-4EBE-8D5E-3BE053ACE357}.AppStore|x64.Build.0 = Release|Any CPU
		{D5450E75-0B88-4EBE-8D5E-3BE053ACE357}.AppStore|x64.Deploy.0 = Release|Any CPU
		{D5450E75-0B88-4EBE-8D5E-3BE053ACE357}.AppStore|x86.ActiveCfg = Release|Any CPU
		{D5450E75-0B88-4EBE-8D5E-3BE053ACE357}.AppStore|x86.Build.0 = Release|Any CPU
		{D5450E75-0B88-4EBE-8D5E-3BE053ACE357}.AppStore|x86.Deploy.0 = Release|Any CPU
		{D5450E75-0B88-4EBE-8D5E-3BE053ACE357}.Debug|Any CPU.ActiveCfg = Debug|Any CPU
		{D5450E75-0B88-4EBE-8D5E-3BE053ACE357}.Debug|Any CPU.Build.0 = Debug|Any CPU
		{D5450E75-0B88-4EBE-8D5E-3BE053ACE357}.Debug|Any CPU.Deploy.0 = Debug|Any CPU
		{D5450E75-0B88-4EBE-8D5E-3BE053ACE357}.Debug|ARM.ActiveCfg = Debug|Any CPU
		{D5450E75-0B88-4EBE-8D5E-3BE053ACE357}.Debug|ARM.Build.0 = Debug|Any CPU
		{D5450E75-0B88-4EBE-8D5E-3BE053ACE357}.Debug|ARM.Deploy.0 = Debug|Any CPU
		{D5450E75-0B88-4EBE-8D5E-3BE053ACE357}.Debug|iPhone.ActiveCfg = Debug|Any CPU
		{D5450E75-0B88-4EBE-8D5E-3BE053ACE357}.Debug|iPhone.Build.0 = Debug|Any CPU
		{D5450E75-0B88-4EBE-8D5E-3BE053ACE357}.Debug|iPhone.Deploy.0 = Debug|Any CPU
		{D5450E75-0B88-4EBE-8D5E-3BE053ACE357}.Debug|iPhoneSimulator.ActiveCfg = Debug|Any CPU
		{D5450E75-0B88-4EBE-8D5E-3BE053ACE357}.Debug|iPhoneSimulator.Build.0 = Debug|Any CPU
		{D5450E75-0B88-4EBE-8D5E-3BE053ACE357}.Debug|iPhoneSimulator.Deploy.0 = Debug|Any CPU
		{D5450E75-0B88-4EBE-8D5E-3BE053ACE357}.Debug|x64.ActiveCfg = Debug|Any CPU
		{D5450E75-0B88-4EBE-8D5E-3BE053ACE357}.Debug|x64.Build.0 = Debug|Any CPU
		{D5450E75-0B88-4EBE-8D5E-3BE053ACE357}.Debug|x64.Deploy.0 = Debug|Any CPU
		{D5450E75-0B88-4EBE-8D5E-3BE053ACE357}.Debug|x86.ActiveCfg = Debug|Any CPU
		{D5450E75-0B88-4EBE-8D5E-3BE053ACE357}.Debug|x86.Build.0 = Debug|Any CPU
		{D5450E75-0B88-4EBE-8D5E-3BE053ACE357}.Debug|x86.Deploy.0 = Debug|Any CPU
		{D5450E75-0B88-4EBE-8D5E-3BE053ACE357}.Release|Any CPU.ActiveCfg = Release|Any CPU
		{D5450E75-0B88-4EBE-8D5E-3BE053ACE357}.Release|Any CPU.Build.0 = Release|Any CPU
		{D5450E75-0B88-4EBE-8D5E-3BE053ACE357}.Release|Any CPU.Deploy.0 = Release|Any CPU
		{D5450E75-0B88-4EBE-8D5E-3BE053ACE357}.Release|ARM.ActiveCfg = Release|Any CPU
		{D5450E75-0B88-4EBE-8D5E-3BE053ACE357}.Release|ARM.Build.0 = Release|Any CPU
		{D5450E75-0B88-4EBE-8D5E-3BE053ACE357}.Release|ARM.Deploy.0 = Release|Any CPU
		{D5450E75-0B88-4EBE-8D5E-3BE053ACE357}.Release|iPhone.ActiveCfg = Release|Any CPU
		{D5450E75-0B88-4EBE-8D5E-3BE053ACE357}.Release|iPhone.Build.0 = Release|Any CPU
		{D5450E75-0B88-4EBE-8D5E-3BE053ACE357}.Release|iPhone.Deploy.0 = Release|Any CPU
		{D5450E75-0B88-4EBE-8D5E-3BE053ACE357}.Release|iPhoneSimulator.ActiveCfg = Release|Any CPU
		{D5450E75-0B88-4EBE-8D5E-3BE053ACE357}.Release|iPhoneSimulator.Build.0 = Release|Any CPU
		{D5450E75-0B88-4EBE-8D5E-3BE053ACE357}.Release|iPhoneSimulator.Deploy.0 = Release|Any CPU
		{D5450E75-0B88-4EBE-8D5E-3BE053ACE357}.Release|x64.ActiveCfg = Release|Any CPU
		{D5450E75-0B88-4EBE-8D5E-3BE053ACE357}.Release|x64.Build.0 = Release|Any CPU
		{D5450E75-0B88-4EBE-8D5E-3BE053ACE357}.Release|x64.Deploy.0 = Release|Any CPU
		{D5450E75-0B88-4EBE-8D5E-3BE053ACE357}.Release|x86.ActiveCfg = Release|Any CPU
		{D5450E75-0B88-4EBE-8D5E-3BE053ACE357}.Release|x86.Build.0 = Release|Any CPU
		{D5450E75-0B88-4EBE-8D5E-3BE053ACE357}.Release|x86.Deploy.0 = Release|Any CPU
		{5BB3C39D-3871-4B3E-9B8B-6B170AFF1BE3}.Ad-Hoc|Any CPU.ActiveCfg = Ad-Hoc|iPhone
		{5BB3C39D-3871-4B3E-9B8B-6B170AFF1BE3}.Ad-Hoc|ARM.ActiveCfg = Ad-Hoc|iPhone
		{5BB3C39D-3871-4B3E-9B8B-6B170AFF1BE3}.Ad-Hoc|iPhone.ActiveCfg = Ad-Hoc|iPhone
		{5BB3C39D-3871-4B3E-9B8B-6B170AFF1BE3}.Ad-Hoc|iPhone.Build.0 = Ad-Hoc|iPhone
		{5BB3C39D-3871-4B3E-9B8B-6B170AFF1BE3}.Ad-Hoc|iPhoneSimulator.ActiveCfg = Ad-Hoc|iPhoneSimulator
		{5BB3C39D-3871-4B3E-9B8B-6B170AFF1BE3}.Ad-Hoc|iPhoneSimulator.Build.0 = Ad-Hoc|iPhoneSimulator
		{5BB3C39D-3871-4B3E-9B8B-6B170AFF1BE3}.Ad-Hoc|x64.ActiveCfg = Ad-Hoc|iPhone
		{5BB3C39D-3871-4B3E-9B8B-6B170AFF1BE3}.Ad-Hoc|x86.ActiveCfg = Ad-Hoc|iPhone
		{5BB3C39D-3871-4B3E-9B8B-6B170AFF1BE3}.AppStore|Any CPU.ActiveCfg = AppStore|iPhone
		{5BB3C39D-3871-4B3E-9B8B-6B170AFF1BE3}.AppStore|ARM.ActiveCfg = AppStore|iPhone
		{5BB3C39D-3871-4B3E-9B8B-6B170AFF1BE3}.AppStore|iPhone.ActiveCfg = AppStore|iPhone
		{5BB3C39D-3871-4B3E-9B8B-6B170AFF1BE3}.AppStore|iPhone.Build.0 = AppStore|iPhone
		{5BB3C39D-3871-4B3E-9B8B-6B170AFF1BE3}.AppStore|iPhoneSimulator.ActiveCfg = AppStore|iPhoneSimulator
		{5BB3C39D-3871-4B3E-9B8B-6B170AFF1BE3}.AppStore|iPhoneSimulator.Build.0 = AppStore|iPhoneSimulator
		{5BB3C39D-3871-4B3E-9B8B-6B170AFF1BE3}.AppStore|x64.ActiveCfg = AppStore|iPhone
		{5BB3C39D-3871-4B3E-9B8B-6B170AFF1BE3}.AppStore|x86.ActiveCfg = AppStore|iPhone
		{5BB3C39D-3871-4B3E-9B8B-6B170AFF1BE3}.Debug|Any CPU.ActiveCfg = Debug|iPhone
		{5BB3C39D-3871-4B3E-9B8B-6B170AFF1BE3}.Debug|ARM.ActiveCfg = Debug|iPhone
		{5BB3C39D-3871-4B3E-9B8B-6B170AFF1BE3}.Debug|iPhone.ActiveCfg = Debug|iPhone
		{5BB3C39D-3871-4B3E-9B8B-6B170AFF1BE3}.Debug|iPhone.Build.0 = Debug|iPhone
		{5BB3C39D-3871-4B3E-9B8B-6B170AFF1BE3}.Debug|iPhoneSimulator.ActiveCfg = Debug|iPhoneSimulator
		{5BB3C39D-3871-4B3E-9B8B-6B170AFF1BE3}.Debug|iPhoneSimulator.Build.0 = Debug|iPhoneSimulator
		{5BB3C39D-3871-4B3E-9B8B-6B170AFF1BE3}.Debug|x64.ActiveCfg = Debug|iPhone
		{5BB3C39D-3871-4B3E-9B8B-6B170AFF1BE3}.Debug|x86.ActiveCfg = Debug|iPhone
		{5BB3C39D-3871-4B3E-9B8B-6B170AFF1BE3}.Release|Any CPU.ActiveCfg = Release|iPhone
		{5BB3C39D-3871-4B3E-9B8B-6B170AFF1BE3}.Release|ARM.ActiveCfg = Release|iPhone
		{5BB3C39D-3871-4B3E-9B8B-6B170AFF1BE3}.Release|iPhone.ActiveCfg = Release|iPhone
		{5BB3C39D-3871-4B3E-9B8B-6B170AFF1BE3}.Release|iPhone.Build.0 = Release|iPhone
		{5BB3C39D-3871-4B3E-9B8B-6B170AFF1BE3}.Release|iPhoneSimulator.ActiveCfg = Release|iPhoneSimulator
		{5BB3C39D-3871-4B3E-9B8B-6B170AFF1BE3}.Release|iPhoneSimulator.Build.0 = Release|iPhoneSimulator
		{5BB3C39D-3871-4B3E-9B8B-6B170AFF1BE3}.Release|x64.ActiveCfg = Release|iPhone
		{5BB3C39D-3871-4B3E-9B8B-6B170AFF1BE3}.Release|x86.ActiveCfg = Release|iPhone
		{6FEB1CF6-35F7-4137-BA69-71ECF8C2AC59}.Ad-Hoc|Any CPU.ActiveCfg = Release|x86
		{6FEB1CF6-35F7-4137-BA69-71ECF8C2AC59}.Ad-Hoc|Any CPU.Build.0 = Release|x86
		{6FEB1CF6-35F7-4137-BA69-71ECF8C2AC59}.Ad-Hoc|Any CPU.Deploy.0 = Release|x86
		{6FEB1CF6-35F7-4137-BA69-71ECF8C2AC59}.Ad-Hoc|ARM.ActiveCfg = Release|ARM
		{6FEB1CF6-35F7-4137-BA69-71ECF8C2AC59}.Ad-Hoc|ARM.Build.0 = Release|ARM
		{6FEB1CF6-35F7-4137-BA69-71ECF8C2AC59}.Ad-Hoc|ARM.Deploy.0 = Release|ARM
		{6FEB1CF6-35F7-4137-BA69-71ECF8C2AC59}.Ad-Hoc|iPhone.ActiveCfg = Release|x86
		{6FEB1CF6-35F7-4137-BA69-71ECF8C2AC59}.Ad-Hoc|iPhone.Build.0 = Release|x86
		{6FEB1CF6-35F7-4137-BA69-71ECF8C2AC59}.Ad-Hoc|iPhone.Deploy.0 = Release|x86
		{6FEB1CF6-35F7-4137-BA69-71ECF8C2AC59}.Ad-Hoc|iPhoneSimulator.ActiveCfg = Release|x86
		{6FEB1CF6-35F7-4137-BA69-71ECF8C2AC59}.Ad-Hoc|iPhoneSimulator.Build.0 = Release|x86
		{6FEB1CF6-35F7-4137-BA69-71ECF8C2AC59}.Ad-Hoc|iPhoneSimulator.Deploy.0 = Release|x86
		{6FEB1CF6-35F7-4137-BA69-71ECF8C2AC59}.Ad-Hoc|x64.ActiveCfg = Release|x64
		{6FEB1CF6-35F7-4137-BA69-71ECF8C2AC59}.Ad-Hoc|x64.Build.0 = Release|x64
		{6FEB1CF6-35F7-4137-BA69-71ECF8C2AC59}.Ad-Hoc|x64.Deploy.0 = Release|x64
		{6FEB1CF6-35F7-4137-BA69-71ECF8C2AC59}.Ad-Hoc|x86.ActiveCfg = Release|x86
		{6FEB1CF6-35F7-4137-BA69-71ECF8C2AC59}.Ad-Hoc|x86.Build.0 = Release|x86
		{6FEB1CF6-35F7-4137-BA69-71ECF8C2AC59}.Ad-Hoc|x86.Deploy.0 = Release|x86
		{6FEB1CF6-35F7-4137-BA69-71ECF8C2AC59}.AppStore|Any CPU.ActiveCfg = Release|x86
		{6FEB1CF6-35F7-4137-BA69-71ECF8C2AC59}.AppStore|Any CPU.Build.0 = Release|x86
		{6FEB1CF6-35F7-4137-BA69-71ECF8C2AC59}.AppStore|Any CPU.Deploy.0 = Release|x86
		{6FEB1CF6-35F7-4137-BA69-71ECF8C2AC59}.AppStore|ARM.ActiveCfg = Release|ARM
		{6FEB1CF6-35F7-4137-BA69-71ECF8C2AC59}.AppStore|ARM.Build.0 = Release|ARM
		{6FEB1CF6-35F7-4137-BA69-71ECF8C2AC59}.AppStore|ARM.Deploy.0 = Release|ARM
		{6FEB1CF6-35F7-4137-BA69-71ECF8C2AC59}.AppStore|iPhone.ActiveCfg = Release|x86
		{6FEB1CF6-35F7-4137-BA69-71ECF8C2AC59}.AppStore|iPhone.Build.0 = Release|x86
		{6FEB1CF6-35F7-4137-BA69-71ECF8C2AC59}.AppStore|iPhone.Deploy.0 = Release|x86
		{6FEB1CF6-35F7-4137-BA69-71ECF8C2AC59}.AppStore|iPhoneSimulator.ActiveCfg = Release|x86
		{6FEB1CF6-35F7-4137-BA69-71ECF8C2AC59}.AppStore|iPhoneSimulator.Build.0 = Release|x86
		{6FEB1CF6-35F7-4137-BA69-71ECF8C2AC59}.AppStore|iPhoneSimulator.Deploy.0 = Release|x86
		{6FEB1CF6-35F7-4137-BA69-71ECF8C2AC59}.AppStore|x64.ActiveCfg = Release|x64
		{6FEB1CF6-35F7-4137-BA69-71ECF8C2AC59}.AppStore|x64.Build.0 = Release|x64
		{6FEB1CF6-35F7-4137-BA69-71ECF8C2AC59}.AppStore|x64.Deploy.0 = Release|x64
		{6FEB1CF6-35F7-4137-BA69-71ECF8C2AC59}.AppStore|x86.ActiveCfg = Release|x86
		{6FEB1CF6-35F7-4137-BA69-71ECF8C2AC59}.AppStore|x86.Build.0 = Release|x86
		{6FEB1CF6-35F7-4137-BA69-71ECF8C2AC59}.AppStore|x86.Deploy.0 = Release|x86
		{6FEB1CF6-35F7-4137-BA69-71ECF8C2AC59}.Debug|Any CPU.ActiveCfg = Debug|x86
		{6FEB1CF6-35F7-4137-BA69-71ECF8C2AC59}.Debug|ARM.ActiveCfg = Debug|ARM
		{6FEB1CF6-35F7-4137-BA69-71ECF8C2AC59}.Debug|ARM.Build.0 = Debug|ARM
		{6FEB1CF6-35F7-4137-BA69-71ECF8C2AC59}.Debug|ARM.Deploy.0 = Debug|ARM
		{6FEB1CF6-35F7-4137-BA69-71ECF8C2AC59}.Debug|iPhone.ActiveCfg = Debug|x86
		{6FEB1CF6-35F7-4137-BA69-71ECF8C2AC59}.Debug|iPhoneSimulator.ActiveCfg = Debug|x86
		{6FEB1CF6-35F7-4137-BA69-71ECF8C2AC59}.Debug|x64.ActiveCfg = Debug|x64
		{6FEB1CF6-35F7-4137-BA69-71ECF8C2AC59}.Debug|x64.Build.0 = Debug|x64
		{6FEB1CF6-35F7-4137-BA69-71ECF8C2AC59}.Debug|x64.Deploy.0 = Debug|x64
		{6FEB1CF6-35F7-4137-BA69-71ECF8C2AC59}.Debug|x86.ActiveCfg = Debug|x86
		{6FEB1CF6-35F7-4137-BA69-71ECF8C2AC59}.Debug|x86.Build.0 = Debug|x86
		{6FEB1CF6-35F7-4137-BA69-71ECF8C2AC59}.Debug|x86.Deploy.0 = Debug|x86
		{6FEB1CF6-35F7-4137-BA69-71ECF8C2AC59}.Release|Any CPU.ActiveCfg = Release|x86
		{6FEB1CF6-35F7-4137-BA69-71ECF8C2AC59}.Release|ARM.ActiveCfg = Release|ARM
		{6FEB1CF6-35F7-4137-BA69-71ECF8C2AC59}.Release|ARM.Build.0 = Release|ARM
		{6FEB1CF6-35F7-4137-BA69-71ECF8C2AC59}.Release|ARM.Deploy.0 = Release|ARM
		{6FEB1CF6-35F7-4137-BA69-71ECF8C2AC59}.Release|iPhone.ActiveCfg = Release|x86
		{6FEB1CF6-35F7-4137-BA69-71ECF8C2AC59}.Release|iPhoneSimulator.ActiveCfg = Release|x86
		{6FEB1CF6-35F7-4137-BA69-71ECF8C2AC59}.Release|x64.ActiveCfg = Release|x64
		{6FEB1CF6-35F7-4137-BA69-71ECF8C2AC59}.Release|x64.Build.0 = Release|x64
		{6FEB1CF6-35F7-4137-BA69-71ECF8C2AC59}.Release|x64.Deploy.0 = Release|x64
		{6FEB1CF6-35F7-4137-BA69-71ECF8C2AC59}.Release|x86.ActiveCfg = Release|x86
		{6FEB1CF6-35F7-4137-BA69-71ECF8C2AC59}.Release|x86.Build.0 = Release|x86
		{6FEB1CF6-35F7-4137-BA69-71ECF8C2AC59}.Release|x86.Deploy.0 = Release|x86
		{769B7527-6A26-4C18-A8EF-ABF238F40CE5}.Ad-Hoc|Any CPU.ActiveCfg = Debug|Any CPU
		{769B7527-6A26-4C18-A8EF-ABF238F40CE5}.Ad-Hoc|Any CPU.Build.0 = Debug|Any CPU
		{769B7527-6A26-4C18-A8EF-ABF238F40CE5}.Ad-Hoc|ARM.ActiveCfg = Debug|Any CPU
		{769B7527-6A26-4C18-A8EF-ABF238F40CE5}.Ad-Hoc|ARM.Build.0 = Debug|Any CPU
		{769B7527-6A26-4C18-A8EF-ABF238F40CE5}.Ad-Hoc|iPhone.ActiveCfg = Debug|Any CPU
		{769B7527-6A26-4C18-A8EF-ABF238F40CE5}.Ad-Hoc|iPhone.Build.0 = Debug|Any CPU
		{769B7527-6A26-4C18-A8EF-ABF238F40CE5}.Ad-Hoc|iPhoneSimulator.ActiveCfg = Debug|Any CPU
		{769B7527-6A26-4C18-A8EF-ABF238F40CE5}.Ad-Hoc|iPhoneSimulator.Build.0 = Debug|Any CPU
		{769B7527-6A26-4C18-A8EF-ABF238F40CE5}.Ad-Hoc|x64.ActiveCfg = Debug|Any CPU
		{769B7527-6A26-4C18-A8EF-ABF238F40CE5}.Ad-Hoc|x64.Build.0 = Debug|Any CPU
		{769B7527-6A26-4C18-A8EF-ABF238F40CE5}.Ad-Hoc|x86.ActiveCfg = Debug|Any CPU
		{769B7527-6A26-4C18-A8EF-ABF238F40CE5}.Ad-Hoc|x86.Build.0 = Debug|Any CPU
		{769B7527-6A26-4C18-A8EF-ABF238F40CE5}.AppStore|Any CPU.ActiveCfg = Debug|Any CPU
		{769B7527-6A26-4C18-A8EF-ABF238F40CE5}.AppStore|Any CPU.Build.0 = Debug|Any CPU
		{769B7527-6A26-4C18-A8EF-ABF238F40CE5}.AppStore|ARM.ActiveCfg = Debug|Any CPU
		{769B7527-6A26-4C18-A8EF-ABF238F40CE5}.AppStore|ARM.Build.0 = Debug|Any CPU
		{769B7527-6A26-4C18-A8EF-ABF238F40CE5}.AppStore|iPhone.ActiveCfg = Debug|Any CPU
		{769B7527-6A26-4C18-A8EF-ABF238F40CE5}.AppStore|iPhone.Build.0 = Debug|Any CPU
		{769B7527-6A26-4C18-A8EF-ABF238F40CE5}.AppStore|iPhoneSimulator.ActiveCfg = Debug|Any CPU
		{769B7527-6A26-4C18-A8EF-ABF238F40CE5}.AppStore|iPhoneSimulator.Build.0 = Debug|Any CPU
		{769B7527-6A26-4C18-A8EF-ABF238F40CE5}.AppStore|x64.ActiveCfg = Debug|Any CPU
		{769B7527-6A26-4C18-A8EF-ABF238F40CE5}.AppStore|x64.Build.0 = Debug|Any CPU
		{769B7527-6A26-4C18-A8EF-ABF238F40CE5}.AppStore|x86.ActiveCfg = Debug|Any CPU
		{769B7527-6A26-4C18-A8EF-ABF238F40CE5}.AppStore|x86.Build.0 = Debug|Any CPU
		{769B7527-6A26-4C18-A8EF-ABF238F40CE5}.Debug|Any CPU.ActiveCfg = Debug|Any CPU
		{769B7527-6A26-4C18-A8EF-ABF238F40CE5}.Debug|Any CPU.Build.0 = Debug|Any CPU
		{769B7527-6A26-4C18-A8EF-ABF238F40CE5}.Debug|ARM.ActiveCfg = Debug|Any CPU
		{769B7527-6A26-4C18-A8EF-ABF238F40CE5}.Debug|ARM.Build.0 = Debug|Any CPU
		{769B7527-6A26-4C18-A8EF-ABF238F40CE5}.Debug|iPhone.ActiveCfg = Debug|Any CPU
		{769B7527-6A26-4C18-A8EF-ABF238F40CE5}.Debug|iPhone.Build.0 = Debug|Any CPU
		{769B7527-6A26-4C18-A8EF-ABF238F40CE5}.Debug|iPhoneSimulator.ActiveCfg = Debug|Any CPU
		{769B7527-6A26-4C18-A8EF-ABF238F40CE5}.Debug|iPhoneSimulator.Build.0 = Debug|Any CPU
		{769B7527-6A26-4C18-A8EF-ABF238F40CE5}.Debug|x64.ActiveCfg = Debug|Any CPU
		{769B7527-6A26-4C18-A8EF-ABF238F40CE5}.Debug|x64.Build.0 = Debug|Any CPU
		{769B7527-6A26-4C18-A8EF-ABF238F40CE5}.Debug|x86.ActiveCfg = Debug|Any CPU
		{769B7527-6A26-4C18-A8EF-ABF238F40CE5}.Debug|x86.Build.0 = Debug|Any CPU
		{769B7527-6A26-4C18-A8EF-ABF238F40CE5}.Release|Any CPU.ActiveCfg = Release|Any CPU
		{769B7527-6A26-4C18-A8EF-ABF238F40CE5}.Release|Any CPU.Build.0 = Release|Any CPU
		{769B7527-6A26-4C18-A8EF-ABF238F40CE5}.Release|ARM.ActiveCfg = Release|Any CPU
		{769B7527-6A26-4C18-A8EF-ABF238F40CE5}.Release|ARM.Build.0 = Release|Any CPU
		{769B7527-6A26-4C18-A8EF-ABF238F40CE5}.Release|iPhone.ActiveCfg = Release|Any CPU
		{769B7527-6A26-4C18-A8EF-ABF238F40CE5}.Release|iPhone.Build.0 = Release|Any CPU
		{769B7527-6A26-4C18-A8EF-ABF238F40CE5}.Release|iPhoneSimulator.ActiveCfg = Release|Any CPU
		{769B7527-6A26-4C18-A8EF-ABF238F40CE5}.Release|iPhoneSimulator.Build.0 = Release|Any CPU
		{769B7527-6A26-4C18-A8EF-ABF238F40CE5}.Release|x64.ActiveCfg = Release|Any CPU
		{769B7527-6A26-4C18-A8EF-ABF238F40CE5}.Release|x64.Build.0 = Release|Any CPU
		{769B7527-6A26-4C18-A8EF-ABF238F40CE5}.Release|x86.ActiveCfg = Release|Any CPU
		{769B7527-6A26-4C18-A8EF-ABF238F40CE5}.Release|x86.Build.0 = Release|Any CPU
	EndGlobalSection
	GlobalSection(SolutionProperties) = preSolution
		HideSolutionNode = FALSE
	EndGlobalSection
	GlobalSection(ExtensibilityGlobals) = postSolution
		SolutionGuid = {079874FE-9C3C-4D18-A5A4-2AB677CDD3A5}
	EndGlobalSection
EndGlobal
